{
  "name": "gb_hlba",
  "lockfileVersion": 2,
  "requires": true,
  "packages": {
    "": {
      "dependencies": {
        "cache-manager": "^5.1.3"
      }
    },
    "node_modules/cache-manager": {
      "version": "5.1.3",
      "resolved": "https://registry.npmjs.org/cache-manager/-/cache-manager-5.1.3.tgz",
      "integrity": "sha512-6KhSzceh/1yBfm5QmSN2ohQsMsavLNPlOKZ8gWX7yDHBrnwNCGK6p4LYp189zRGNb3BLFioJlUZKQ3LckteWlg==",
      "dependencies": {
        "lodash.clonedeep": "^4.5.0",
        "lru-cache": "^7.14.0"
      }
    },
    "node_modules/lodash.clonedeep": {
      "version": "4.5.0",
      "resolved": "https://registry.npmjs.org/lodash.clonedeep/-/lodash.clonedeep-4.5.0.tgz",
      "integrity": "sha512-H5ZhCF25riFd9uB5UCkVKo61m3S/xZk1x4wA6yp/L3RFP6Z/eHH1ymQcGLo7J3GMPfm0V/7m1tryHuGVxpqEBQ=="
    },
    "node_modules/lru-cache": {
      "version": "7.14.1",
      "resolved": "https://registry.npmjs.org/lru-cache/-/lru-cache-7.14.1.tgz",
      "integrity": "sha512-ysxwsnTKdAx96aTRdhDOCQfDgbHnt8SK0KY8SEjO0wHinhWOFTESbjVCMPbU1uGXg/ch4lifqx0wfjOawU2+WA==",
      "engines": {
        "node": ">=12"
      }
    }
  },
  "dependencies": {
    "cache-manager": {
      "version": "5.1.3",
      "resolved": "https://registry.npmjs.org/cache-manager/-/cache-manager-5.1.3.tgz",
      "integrity": "sha512-6KhSzceh/1yBfm5QmSN2ohQsMsavLNPlOKZ8gWX7yDHBrnwNCGK6p4LYp189zRGNb3BLFioJlUZKQ3LckteWlg==",
      "requires": {
        "lodash.clonedeep": "^4.5.0",
        "lru-cache": "^7.14.0"
      }
    },
    "lodash.clonedeep": {
      "version": "4.5.0",
      "resolved": "https://registry.npmjs.org/lodash.clonedeep/-/lodash.clonedeep-4.5.0.tgz",
      "integrity": "sha512-H5ZhCF25riFd9uB5UCkVKo61m3S/xZk1x4wA6yp/L3RFP6Z/eHH1ymQcGLo7J3GMPfm0V/7m1tryHuGVxpqEBQ=="
    },
    "lru-cache": {
      "version": "7.14.1",
      "resolved": "https://registry.npmjs.org/lru-cache/-/lru-cache-7.14.1.tgz",
      "integrity": "sha512-ysxwsnTKdAx96aTRdhDOCQfDgbHnt8SK0KY8SEjO0wHinhWOFTESbjVCMPbU1uGXg/ch4lifqx0wfjOawU2+WA=="
    }
  }
}
